
Microsoft Visual Studio Solution File, Format Version 12.00
# Visual Studio 15
VisualStudioVersion = 15.0.27428.2037
MinimumVisualStudioVersion = 10.0.40219.1
Project("{F184B08F-C81C-45F6-A57F-5ABD9991F28F}") = "BondiAppWPF", "BondiAppWPF\BondiAppWPF.vbproj", "{3E503FC3-EFFE-4CB1-B3F6-EA5DF79587D0}"
EndProject
Global
	GlobalSection(SolutionConfigurationPlatforms) = preSolution
		Debug|Any CPU = Debug|Any CPU
		Release|Any CPU = Release|Any CPU
	EndGlobalSection
	GlobalSection(ProjectConfigurationPlatforms) = postSolution
		{3E503FC3-EFFE-4CB1-B3F6-EA5DF79587D0}.Debug|Any CPU.ActiveCfg = Debug|Any CPU
		{3E503FC3-EFFE-4CB1-B3F6-EA5DF79587D0}.Debug|Any CPU.Build.0 = Debug|Any CPU
		{3E503FC3-EFFE-4CB1-B3F6-EA5DF79587D0}.Release|Any CPU.ActiveCfg = Release|Any CPU
		{3E503FC3-EFFE-4CB1-B3F6-EA5DF79587D0}.Release|Any CPU.Build.0 = Release|Any CPU
	EndGlobalSection
	GlobalSection(SolutionProperties) = preSolution
		HideSolutionNode = FALSE
	EndGlobalSection
	GlobalSection(ExtensibilityGlobals) = postSolution
		SolutionGuid = {6B192EB1-21E7-461E-8631-18105B260054}
	EndGlobalSection
EndGlobal
